
Microsoft Visual Studio Solution File, Format Version 12.00
# Visual Studio Version 16
VisualStudioVersion = 16.0.32126.315
MinimumVisualStudioVersion = 10.0.40219.1
Project("{FAE04EC0-301F-11D3-BF4B-00C04F79EFBC}") = "NsPlayingCards", "NsPlayingCards\NsPlayingCards.csproj", "{5926D27E-AF98-4953-83D8-7A66EAEF2A4A}"
EndProject
Global
	GlobalSection(SolutionConfigurationPlatforms) = preSolution
		Debug|Any CPU = Debug|Any CPU
		Release|Any CPU = Release|Any CPU
	EndGlobalSection
	GlobalSection(ProjectConfigurationPlatforms) = postSolution
		{5926D27E-AF98-4953-83D8-7A66EAEF2A4A}.Debug|Any CPU.ActiveCfg = Debug|Any CPU
		{5926D27E-AF98-4953-83D8-7A66EAEF2A4A}.Debug|Any CPU.Build.0 = Debug|Any CPU
		{5926D27E-AF98-4953-83D8-7A66EAEF2A4A}.Release|Any CPU.ActiveCfg = Release|Any CPU
		{5926D27E-AF98-4953-83D8-7A66EAEF2A4A}.Release|Any CPU.Build.0 = Release|Any CPU
	EndGlobalSection
	GlobalSection(SolutionProperties) = preSolution
		HideSolutionNode = FALSE
	EndGlobalSection
	GlobalSection(ExtensibilityGlobals) = postSolution
		SolutionGuid = {CF5B1B15-180F-4394-B3FB-5E847C9D969A}
	EndGlobalSection
EndGlobal
